
Microsoft Visual Studio Solution File, Format Version 12.00
# Visual Studio 14
VisualStudioVersion = 14.0.25123.0
MinimumVisualStudioVersion = 10.0.40219.1
Project("{FAE04EC0-301F-11D3-BF4B-00C04F79EFBC}") = "1. Largest Common End", "1. Largest Common End\1. Largest Common End.csproj", "{93B04437-26F0-43B7-A61E-476E8663E073}"
EndProject
Project("{FAE04EC0-301F-11D3-BF4B-00C04F79EFBC}") = "2. Rotate and Sum", "2. Rotate and Sum\2. Rotate and Sum.csproj", "{3E819E37-BD9A-4434-825B-7FCB71828DBC}"
EndProject
Project("{FAE04EC0-301F-11D3-BF4B-00C04F79EFBC}") = "3. Fold and Sum", "3. Fold and Sum\3. Fold and Sum.csproj", "{E1A75DA7-24EB-4B7F-9824-7AA05A9BE618}"
EndProject
Project("{FAE04EC0-301F-11D3-BF4B-00C04F79EFBC}") = "5. Compare Char Arrays", "5. Compare Char Arrays\5. Compare Char Arrays.csproj", "{7CF791B6-8076-42E2-B38F-1CF138042A19}"
EndProject
Project("{FAE04EC0-301F-11D3-BF4B-00C04F79EFBC}") = "4. Sieve of Eratosthenes", "4. Sieve of Eratosthenes\4. Sieve of Eratosthenes.csproj", "{057C5887-CE38-464B-956D-BE508810723C}"
EndProject
Global
	GlobalSection(SolutionConfigurationPlatforms) = preSolution
		Debug|Any CPU = Debug|Any CPU
		Release|Any CPU = Release|Any CPU
	EndGlobalSection
	GlobalSection(ProjectConfigurationPlatforms) = postSolution
		{93B04437-26F0-43B7-A61E-476E8663E073}.Debug|Any CPU.ActiveCfg = Debug|Any CPU
		{93B04437-26F0-43B7-A61E-476E8663E073}.Debug|Any CPU.Build.0 = Debug|Any CPU
		{93B04437-26F0-43B7-A61E-476E8663E073}.Release|Any CPU.ActiveCfg = Release|Any CPU
		{93B04437-26F0-43B7-A61E-476E8663E073}.Release|Any CPU.Build.0 = Release|Any CPU
		{3E819E37-BD9A-4434-825B-7FCB71828DBC}.Debug|Any CPU.ActiveCfg = Debug|Any CPU
		{3E819E37-BD9A-4434-825B-7FCB71828DBC}.Debug|Any CPU.Build.0 = Debug|Any CPU
		{3E819E37-BD9A-4434-825B-7FCB71828DBC}.Release|Any CPU.ActiveCfg = Release|Any CPU
		{3E819E37-BD9A-4434-825B-7FCB71828DBC}.Release|Any CPU.Build.0 = Release|Any CPU
		{E1A75DA7-24EB-4B7F-9824-7AA05A9BE618}.Debug|Any CPU.ActiveCfg = Debug|Any CPU
		{E1A75DA7-24EB-4B7F-9824-7AA05A9BE618}.Debug|Any CPU.Build.0 = Debug|Any CPU
		{E1A75DA7-24EB-4B7F-9824-7AA05A9BE618}.Release|Any CPU.ActiveCfg = Release|Any CPU
		{E1A75DA7-24EB-4B7F-9824-7AA05A9BE618}.Release|Any CPU.Build.0 = Release|Any CPU
		{7CF791B6-8076-42E2-B38F-1CF138042A19}.Debug|Any CPU.ActiveCfg = Debug|Any CPU
		{7CF791B6-8076-42E2-B38F-1CF138042A19}.Debug|Any CPU.Build.0 = Debug|Any CPU
		{7CF791B6-8076-42E2-B38F-1CF138042A19}.Release|Any CPU.ActiveCfg = Release|Any CPU
		{7CF791B6-8076-42E2-B38F-1CF138042A19}.Release|Any CPU.Build.0 = Release|Any CPU
		{057C5887-CE38-464B-956D-BE508810723C}.Debug|Any CPU.ActiveCfg = Debug|Any CPU
		{057C5887-CE38-464B-956D-BE508810723C}.Debug|Any CPU.Build.0 = Debug|Any CPU
		{057C5887-CE38-464B-956D-BE508810723C}.Release|Any CPU.ActiveCfg = Release|Any CPU
		{057C5887-CE38-464B-956D-BE508810723C}.Release|Any CPU.Build.0 = Release|Any CPU
	EndGlobalSection
	GlobalSection(SolutionProperties) = preSolution
		HideSolutionNode = FALSE
	EndGlobalSection
EndGlobal
