
Microsoft Visual Studio Solution File, Format Version 12.00
# Visual Studio 14
VisualStudioVersion = 14.0.25123.0
MinimumVisualStudioVersion = 10.0.40219.1
Project("{FAE04EC0-301F-11D3-BF4B-00C04F79EFBC}") = "1.Sweet-Desert", "1.Sweet-Desert\1.Sweet-Desert.csproj", "{971F95AB-C42D-4827-9DE5-C8AF11924E84}"
EndProject
Project("{FAE04EC0-301F-11D3-BF4B-00C04F79EFBC}") = "02. Array Modifier", "02. Array Modifier\02. Array Modifier.csproj", "{A69B4670-6108-4C84-9CC3-D5788A7BF305}"
EndProject
Global
	GlobalSection(SolutionConfigurationPlatforms) = preSolution
		Debug|Any CPU = Debug|Any CPU
		Release|Any CPU = Release|Any CPU
	EndGlobalSection
	GlobalSection(ProjectConfigurationPlatforms) = postSolution
		{971F95AB-C42D-4827-9DE5-C8AF11924E84}.Debug|Any CPU.ActiveCfg = Debug|Any CPU
		{971F95AB-C42D-4827-9DE5-C8AF11924E84}.Debug|Any CPU.Build.0 = Debug|Any CPU
		{971F95AB-C42D-4827-9DE5-C8AF11924E84}.Release|Any CPU.ActiveCfg = Release|Any CPU
		{971F95AB-C42D-4827-9DE5-C8AF11924E84}.Release|Any CPU.Build.0 = Release|Any CPU
		{A69B4670-6108-4C84-9CC3-D5788A7BF305}.Debug|Any CPU.ActiveCfg = Debug|Any CPU
		{A69B4670-6108-4C84-9CC3-D5788A7BF305}.Debug|Any CPU.Build.0 = Debug|Any CPU
		{A69B4670-6108-4C84-9CC3-D5788A7BF305}.Release|Any CPU.ActiveCfg = Release|Any CPU
		{A69B4670-6108-4C84-9CC3-D5788A7BF305}.Release|Any CPU.Build.0 = Release|Any CPU
	EndGlobalSection
	GlobalSection(SolutionProperties) = preSolution
		HideSolutionNode = FALSE
	EndGlobalSection
EndGlobal
